{
    "_meta": {
        "hash": {
            "sha256": "2a65377114a50e1a0620f475844dcd5cfeda68ec3315549eb4a43ffb6298417b"
        },
        "pipfile-spec": 6,
        "requires": {
            "python_version": "3.6"
        },
        "sources": [
            {
                "name": "pypi",
                "url": "https://pypi.python.org/simple",
                "verify_ssl": true
            }
        ]
    },
    "default": {
        "amqp": {
            "hashes": [],
            "version": "==5.1.1"
        },
        "aniso8601": {
            "hashes": [],
            "version": "==9.0.1"
        },
        "apistar": {
            "hashes": [
                "sha256:8da0d3f15748c8ed6e68914ba5b8f6dd5dff5afbe137950d07103575df0bce73"
            ],
            "index": "pypi",
            "version": "==0.7.2"
        },
        "apns2": {
            "hashes": [],
            "version": "==0.7.2"
        },
        "argon2-cffi": {
            "hashes": [],
            "version": "==21.3.0"
        },
        "attrs": {
            "hashes": [],
            "version": "==21.4.0"
        },
        "awesome-slugify": {
            "hashes": [
                "sha256:bbdec3fa2187917473a2efad092b57f7125a55f841a7cf6a1773178d32ccfd71"
            ],
            "index": "pypi",
            "version": "==1.6.5"
        },
        "beautifulsoup4": {
            "hashes": [],
            "version": "==4.11.1"
        },
        "billiard": {
            "hashes": [],
            "version": "==4.0.0"
        },
        "boto3": {
            "hashes": [],
            "version": "==1.24.32"
        },
        "botocore": {
            "hashes": [],
            "version": "==1.27.32"
        },
        "celery": {
            "hashes": [],
            "version": "==5.2.7"
        },
        "cerberus": {
            "hashes": [],
            "version": "==1.3.4"
        },
        "certifi": {
            "hashes": [],
            "version": "==2022.6.15"
        },
        "cffi": {
            "hashes": [],
            "version": "==1.15.1"
        },
        "chardet": {
            "hashes": [],
            "version": "==5.0.0"
        },
        "click": {
            "hashes": [],
            "version": "==8.1.3"
        },
        "colorama": {
            "hashes": [],
            "version": "==0.4.5"
        },
        "coreapi": {
            "hashes": [
                "sha256:46145fcc1f7017c076a2ef684969b641d18a2991051fddec9458ad3f78ffc1cb",
                "sha256:bf39d118d6d3e171f10df9ede5666f63ad80bba9a29a8ec17726a66cf52ee6f3"
            ],
            "index": "pypi",
            "version": "==2.3.3"
        },
        "coreschema": {
            "hashes": [
                "sha256:5e6ef7bf38c1525d5e55a895934ab4273548629f16aed5c0a6caa74ebf45551f",
                "sha256:9503506007d482ab0867ba14724b93c18a33b22b6d19fb419ef2d239dd4a1607"
            ],
            "version": "==0.0.4"
        },
        "cryptography": {
            "hashes": [],
            "version": "==37.0.4"
        },
        "defusedxml": {
            "hashes": [],
            "version": "==0.7.1"
        },
        "django": {
            "hashes": [],
            "version": "==4.0.6"
        },
        "django-allauth": {
            "hashes": [],
            "version": "==0.51.0"
        },
        "django-anymail": {
            "hashes": [],
            "version": "==8.6"
        },
        "django-appconf": {
            "hashes": [],
            "version": "==1.0.5"
        },
        "django-cities": {
            "hashes": [],
            "version": "==0.6"
        },
        "django-compressor": {
            "hashes": [],
            "version": "==4.0"
        },
        "django-cors-headers": {
            "hashes": [],
            "version": "==3.13.0"
        },
        "django-countries": {
            "hashes": [],
            "version": "==7.3.2"
        },
        "django-crispy-forms": {
            "hashes": [],
            "version": "==1.14.0"
        },
        "django-environ": {
            "hashes": [],
            "version": "==0.9.0"
        },
        "django-extensions": {
            "hashes": [],
            "version": "==3.2.0"
        },
        "django-filter": {
            "hashes": [],
            "version": "==22.1"
        },
        "django-fsm": {
            "hashes": [],
            "version": "==2.8.0"
        },
        "django-fsm-admin": {
            "hashes": [],
            "version": "==1.2.5"
        },
        "django-fsm-log": {
            "hashes": [],
            "version": "==3.0.0"
        },
        "django-guardian": {
            "hashes": [],
            "version": "==2.4.0"
        },
        "django-haystack": {
            "hashes": [],
            "version": "==3.2.1"
        },
        "django-model-utils": {
            "hashes": [],
            "version": "==4.2.0"
        },
        "django-modelcluster": {
            "hashes": [],
            "version": "==6.0"
        },
        "django-push-notifications": {
            "hashes": [],
            "version": "==3.0.0"
        },
        "django-redis": {
            "hashes": [],
            "version": "==5.2.0"
        },
        "django-rest-auth": {
            "hashes": [
                "sha256:f11e12175dafeed772f50d740d22caeab27e99a3caca24ec65e66a8d6de16571"
            ],
            "index": "pypi",
            "version": "==0.9.5"
        },
        "django-rest-swagger": {
            "hashes": [
                "sha256:48f6aded9937e90ae7cbe9e6c932b9744b8af80cc4e010088b3278c700e0685b",
                "sha256:b039b0288bab4665cd45dc5d16f94b13911bc4ad0ed55f74ad3b90aa31c87c17"
            ],
            "index": "pypi",
            "version": "==2.2.0"
        },
        "django-storages": {
            "hashes": [],
            "version": "==1.12.3"
        },
        "django-taggit": {
            "hashes": [],
            "version": "==3.0.0"
        },
        "django-timezone-field": {
            "hashes": [],
            "version": "==5.0"
        },
        "django-treebeard": {
            "hashes": [],
            "version": "==4.5.1"
        },
        "djangorestframework": {
            "hashes": [],
            "version": "==3.13.1"
        },
        "djangorestframework-gis": {
            "hashes": [],
            "version": "==1.0"
        },
        "djangorestframework-jwt": {
            "hashes": [
                "sha256:5efe33032f3a4518a300dc51a51c92145ad95fb6f4b272e5aa24701db67936a7",
                "sha256:ab15dfbbe535eede8e2e53adaf52ef0cf018ee27dbfad10cbc4cbec2ab63d38c"
            ],
            "index": "pypi",
            "version": "==1.11.0"
        },
        "docutils": {
            "hashes": [],
            "version": "==0.19"
        },
        "draftjs-exporter": {
            "hashes": [],
            "version": "==5.0.0"
        },
        "drf-extensions": {
            "hashes": [],
            "version": "==0.7.1"
        },
        "drf-nested-routers": {
            "hashes": [],
            "version": "==0.93.4"
        },
        "drf-writable-nested": {
            "hashes": [],
            "version": "==0.6.4"
        },
        "drf-yasg": {
            "hashes": [],
            "version": "==1.21.3"
        },
        "gevent": {
            "hashes": [],
            "version": "==21.12.0"
        },
        "graphene": {
            "hashes": [],
            "version": "==3.1"
        },
        "graphene-django": {
            "hashes": [],
            "version": "==2.15.0"
        },
        "graphene-django-extras": {
            "hashes": [],
            "version": "==0.5.2"
        },
        "graphql-core": {
            "hashes": [],
            "version": "==3.2.1"
        },
        "graphql-relay": {
            "hashes": [],
            "version": "==3.2.0"
        },
        "greenlet": {
            "hashes": [],
            "version": "==1.1.2"
        },
        "gunicorn": {
            "hashes": [],
            "version": "==20.1.0"
        },
        "h2": {
            "hashes": [],
            "version": "==4.1.0"
        },
        "hashids": {
            "hashes": [],
            "version": "==1.3.1"
        },
        "hpack": {
            "hashes": [],
            "version": "==4.0.0"
        },
        "html5lib": {
            "hashes": [],
            "version": "==1.1"
        },
        "http-ece": {
            "hashes": [
                "sha256:932ebc2fa7c216954c320a188ae9c1f04d01e67bec9cdce1bfbc912813b0b4f8"
            ],
            "version": "==1.1.0"
        },
        "hyper": {
            "hashes": [
                "sha256:069514f54231fb7b5df2fb910a114663a83306d5296f588fffcb0a9be19407fc",
                "sha256:12c82eacd122a659673484c1ea0d34576430afbe5aa6b8f63fe37fcb06a2458c"
            ],
            "version": "==0.7.0"
        },
        "hyperframe": {
            "hashes": [],
            "version": "==6.0.1"
        },
        "idna": {
            "hashes": [],
            "version": "==3.3"
        },
        "importlib-metadata": {
            "hashes": [],
            "version": "==4.12.0"
        },
        "inflection": {
            "hashes": [],
            "version": "==0.5.1"
        },
        "iso8601": {
            "hashes": [],
            "version": "==1.0.2"
        },
        "itypes": {
            "hashes": [],
            "version": "==1.2.0"
        },
        "jinja2": {
            "hashes": [],
            "version": "==3.1.2"
        },
        "jmespath": {
            "hashes": [],
            "version": "==1.0.1"
        },
        "jsonschema": {
            "hashes": [],
            "version": "==4.7.2"
        },
        "kombu": {
            "hashes": [],
            "version": "==5.2.4"
        },
        "markdown": {
            "hashes": [],
            "version": "==3.4.1"
        },
        "markupsafe": {
            "hashes": [],
            "version": "==2.1.1"
        },
        "more-itertools": {
            "hashes": [],
            "version": "==8.13.0"
        },
        "nece": {
            "hashes": [
                "sha256:3b4d3f527f48215f8176c5b8019d0e164f3b0e9760c908d8c5a44f8e69da42de",
                "sha256:83c491830a7bf9aa8477653a076935fee1911984680e22983f75461175d79f4b"
            ],
            "index": "pypi",
            "version": "==0.8.2"
        },
        "oauthlib": {
            "hashes": [],
            "version": "==3.2.0"
        },
        "openapi-codec": {
            "hashes": [
                "sha256:1bce63289edf53c601ea3683120641407ff6b708803b8954c8a876fe778d2145"
            ],
            "version": "==1.3.2"
        },
        "packaging": {
            "hashes": [],
            "version": "==21.3"
        },
        "pendulum": {
            "hashes": [],
            "version": "==2.1.2"
        },
        "pillow": {
            "hashes": [],
            "version": "==9.2.0"
        },
        "promise": {
            "hashes": [
                "sha256:dfd18337c523ba4b6a58801c164c1904a9d4d1b1747c7d5dbf45b693a49d93d0"
            ],
            "version": "==2.3"
        },
        "psycopg2": {
            "hashes": [],
            "version": "==2.9.3"
        },
        "py-vapid": {
            "hashes": [],
            "version": "==1.8.2"
        },
        "pycparser": {
            "hashes": [],
            "version": "==2.21"
        },
        "pygments": {
            "hashes": [],
            "version": "==2.12.0"
        },
        "pyjwt": {
            "hashes": [],
            "version": "==2.4.0"
        },
        "pyparsing": {
            "hashes": [],
            "version": "==3.0.9"
        },
        "pyrsistent": {
            "hashes": [],
            "version": "==0.18.1"
        },
        "python-dateutil": {
            "hashes": [],
            "version": "==2.8.2"
        },
        "python-json-logger": {
            "hashes": [],
            "version": "==2.0.4"
        },
        "python3-openid": {
            "hashes": [
                "sha256:0086da6b6ef3161cfe50fb1ee5cceaf2cda1700019fda03c2c5c440ca6abe4fa",
                "sha256:628d365d687e12da12d02c6691170f4451db28d6d68d050007e4a40065868502"
            ],
            "version": "==3.1.0"
        },
        "pytz": {
            "hashes": [],
            "version": "==2022.1"
        },
        "pytzdata": {
            "hashes": [],
            "version": "==2020.1"
        },
        "pywebpush": {
            "hashes": [],
            "version": "==1.14.0"
        },
        "pyyaml": {
            "hashes": [],
            "version": "==6.0"
        },
        "raven": {
            "hashes": [
                "sha256:3fa6de6efa2493a7c827472e984ce9b020797d0da16f1db67197bcc23c8fae54",
                "sha256:44a13f87670836e153951af9a3c80405d36b43097db869a36e92809673692ce4"
            ],
            "index": "pypi",
            "version": "==6.10.0"
        },
        "rcssmin": {
            "hashes": [],
            "version": "==1.1.0"
        },
        "redis": {
            "hashes": [],
            "version": "==4.3.4"
        },
        "regex": {
            "hashes": [],
            "version": "==2022.7.9"
        },
        "requests": {
            "hashes": [],
            "version": "==2.28.1"
        },
        "requests-oauthlib": {
            "hashes": [],
            "version": "==1.3.1"
        },
        "rjsmin": {
            "hashes": [],
            "version": "==1.2.0"
        },
        "ruamel.yaml": {
            "hashes": [],
            "version": "==0.17.21"
        },
        "ruamel.yaml.clib": {
            "hashes": [
                "sha256:1e77424825caba5553bbade750cec2277ef130647d685c2b38f68bc03453bac6",
                "sha256:392b7c371312abf27fb549ec2d5e0092f7ef6e6c9f767bfb13e83cb903aca0fd",
                "sha256:4d55386129291b96483edcb93b381470f7cd69f97585829b048a3d758d31210a",
                "sha256:550168c02d8de52ee58c3d8a8193d5a8a9491a5e7b2462d27ac5bf63717574c9",
                "sha256:57933a6986a3036257ad7bf283529e7c19c2810ff24c86f4a0cfeb49d2099919",
                "sha256:615b0396a7fad02d1f9a0dcf9f01202bf9caefee6265198f252c865f4227fcc6",
                "sha256:77556a7aa190be9a2bd83b7ee075d3df5f3c5016d395613671487e79b082d784",
                "sha256:7aee724e1ff424757b5bd8f6c5bbdb033a570b2b4683b17ace4dbe61a99a657b",
                "sha256:8073c8b92b06b572e4057b583c3d01674ceaf32167801fe545a087d7a1e8bf52",
                "sha256:9c6d040d0396c28d3eaaa6cb20152cb3b2f15adf35a0304f4f40a3cf9f1d2448",
                "sha256:a0ff786d2a7dbe55f9544b3f6ebbcc495d7e730df92a08434604f6f470b899c5",
                "sha256:b1b7fcee6aedcdc7e62c3a73f238b3d080c7ba6650cd808bce8d7761ec484070",
                "sha256:b66832ea8077d9b3f6e311c4a53d06273db5dc2db6e8a908550f3c14d67e718c",
                "sha256:be018933c2f4ee7de55e7bd7d0d801b3dfb09d21dad0cce8a97995fd3e44be30",
                "sha256:d0d3ac228c9bbab08134b4004d748cf9f8743504875b3603b3afbb97e3472947",
                "sha256:d10e9dd744cf85c219bf747c75194b624cc7a94f0c80ead624b06bfa9f61d3bc",
                "sha256:ea4362548ee0cbc266949d8a441238d9ad3600ca9910c3fe4e82ee3a50706973",
                "sha256:ed5b3698a2bb241b7f5cbbe277eaa7fe48b07a58784fba4f75224fd066d253ad",
                "sha256:f9dcc1ae73f36e8059589b601e8e4776b9976effd76c21ad6a855a74318efd6e"
            ],
            "markers": "platform_python_implementation == 'CPython' and python_version < '3.8'",
            "version": "==0.2.0"
        },
        "rules": {
            "hashes": [],
            "version": "==3.3"
        },
        "rx": {
            "hashes": [],
            "version": "==3.2.0"
        },
        "s3transfer": {
            "hashes": [],
            "version": "==0.6.0"
        },
        "simplejson": {
            "hashes": [],
            "version": "==3.17.6"
        },
        "singledispatch": {
            "hashes": [],
            "version": "==3.7.0"
        },
        "six": {
            "hashes": [],
            "version": "==1.16.0"
        },
        "sqlparse": {
            "hashes": [],
            "version": "==0.4.2"
        },
        "structlog": {
            "hashes": [],
            "version": "==21.5.0"
        },
        "swapper": {
            "hashes": [],
            "version": "==1.3.0"
        },
        "tqdm": {
            "hashes": [],
            "version": "==4.64.0"
        },
        "typesystem": {
            "hashes": [],
            "version": "==0.4.1"
        },
        "unidecode": {
            "hashes": [],
            "version": "==1.3.4"
        },
        "uritemplate": {
            "hashes": [],
            "version": "==4.1.1"
        },
        "urllib3": {
            "hashes": [],
            "version": "==1.26.10"
        },
        "vine": {
            "hashes": [],
            "version": "==5.0.0"
        },
        "wagtail": {
            "hashes": [],
            "version": "==3.0.1"
        },
        "webencodings": {
            "hashes": [
                "sha256:a0af1213f3c2226497a97e2b3aa01a7e4bee4f403f95be16fc9acd2947514a78",
                "sha256:b36a1c245f2d304965eb4e0a82848379241dc04b865afcc4aab16748587e1923"
            ],
            "version": "==0.5.1"
        },
        "wheel": {
            "hashes": [],
            "version": "==0.37.1"
        },
        "whitenoise": {
            "hashes": [],
            "version": "==6.2.0"
        },
        "willow": {
            "hashes": [],
            "version": "==1.4.1"
        },
        "zipp": {
            "hashes": [],
            "version": "==3.8.1"
        }
    },
    "develop": {
        "alabaster": {
            "hashes": [
                "sha256:446438bdcca0e05bd45ea2de1668c1d9b032e1a9154c2c259092d77031ddd359",
                "sha256:a661d72d58e6ea8a57f7a86e37d86716863ee5e92788398526d58b26a4e4dc02"
            ],
            "version": "==0.7.12"
        },
        "ansible": {
            "hashes": [],
            "version": "==6.1.0"
        },
        "appdirs": {
            "hashes": [],
            "version": "==1.4.4"
        },
        "appnope": {
            "hashes": [],
            "version": "==0.1.3"
        },
        "asgiref": {
            "hashes": [],
            "version": "==3.5.2"
        },
        "attrs": {
            "hashes": [],
            "version": "==21.4.0"
        },
        "automat": {
            "hashes": [],
            "version": "==20.2.0"
        },
        "awscli": {
            "hashes": [],
            "version": "==1.25.32"
        },
        "babel": {
            "hashes": [],
            "version": "==2.10.3"
        },
        "backcall": {
            "hashes": [],
            "version": "==0.2.0"
        },
        "bcrypt": {
            "hashes": [],
            "version": "==3.2.2"
        },
        "black": {
            "hashes": [],
            "version": "==22.6.0"
        },
        "botocore": {
            "hashes": [],
            "version": "==1.27.32"
        },
        "certifi": {
            "hashes": [],
            "version": "==2022.6.15"
        },
        "cffi": {
            "hashes": [],
            "version": "==1.15.1"
        },
        "chardet": {
            "hashes": [],
            "version": "==5.0.0"
        },
        "click": {
            "hashes": [],
            "version": "==8.1.3"
        },
        "colorama": {
            "hashes": [],
            "version": "==0.4.5"
        },
        "constantly": {
            "hashes": [
                "sha256:586372eb92059873e29eba4f9dec8381541b4d3834660707faf8ba59146dfc35",
                "sha256:dd2fa9d6b1a51a83f0d7dd76293d734046aa176e384bf6e33b7e44880eb37c5d"
            ],
            "version": "==15.1.0"
        },
        "coreapi": {
            "hashes": [
                "sha256:46145fcc1f7017c076a2ef684969b641d18a2991051fddec9458ad3f78ffc1cb",
                "sha256:bf39d118d6d3e171f10df9ede5666f63ad80bba9a29a8ec17726a66cf52ee6f3"
            ],
            "index": "pypi",
            "version": "==2.3.3"
        },
        "coreapi-cli": {
            "hashes": [
                "sha256:d76b5320ea9ad04d922001ac8897b903a7a359c08a53822f819134c50aa22c5f"
            ],
            "index": "pypi",
            "version": "==1.0.9"
        },
        "coreschema": {
            "hashes": [
                "sha256:5e6ef7bf38c1525d5e55a895934ab4273548629f16aed5c0a6caa74ebf45551f",
                "sha256:9503506007d482ab0867ba14724b93c18a33b22b6d19fb419ef2d239dd4a1607"
            ],
            "version": "==0.0.4"
        },
        "coverage": {
            "hashes": [],
            "version": "==6.4.2"
        },
        "cryptography": {
            "hashes": [],
            "version": "==37.0.4"
        },
        "cssselect": {
            "hashes": [
                "sha256:f612ee47b749c877ebae5bb77035d8f4202c6ad0f0fc1271b3c18ad6c4468ecf",
                "sha256:f95f8dedd925fd8f54edb3d2dfb44c190d9d18512377d3c1e2388d16126879bc"
            ],
            "version": "==1.1.0"
        },
        "decorator": {
            "hashes": [],
            "version": "==5.1.1"
        },
        "django": {
            "hashes": [],
            "version": "==4.0.6"
        },
        "django-coverage-plugin": {
            "hashes": [],
            "version": "==2.0.3"
        },
        "django-debug-toolbar": {
            "hashes": [],
            "version": "==3.5.0"
        },
        "django-test-plus": {
            "hashes": [],
            "version": "==2.2.0"
        },
        "docopt": {
            "hashes": [
                "sha256:49b3a825280bd66b3aa83585ef59c4a8c82f2c8a522dbe754a8bc8d08c85c491"
            ],
            "index": "pypi",
            "version": "==0.6.2"
        },
        "docutils": {
            "hashes": [],
            "version": "==0.19"
        },
        "entrypoints": {
            "hashes": [],
            "version": "==0.4"
        },
        "fabric": {
            "hashes": [],
            "version": "==2.7.1"
        },
        "factory-boy": {
            "hashes": [],
            "version": "==3.2.1"
        },
        "faker": {
            "hashes": [],
            "version": "==13.15.0"
        },
        "flake8": {
            "hashes": [],
            "version": "==4.0.1"
        },
        "googlemaps": {
            "hashes": [],
            "version": "==4.6.0"
        },
        "hyperlink": {
            "hashes": [],
            "version": "==21.0.0"
        },
        "idna": {
            "hashes": [],
            "version": "==3.3"
        },
        "imagesize": {
            "hashes": [],
            "version": "==1.4.1"
        },
        "importlib-metadata": {
            "hashes": [],
            "version": "==4.12.0"
        },
        "incremental": {
            "hashes": [
                "sha256:717e12246dddf231a349175f48d74d93e2897244939173b01974ab6661406b9f",
                "sha256:7b751696aaf36eebfab537e458929e194460051ccad279c72b755a167eebd4b3"
            ],
            "version": "==17.5.0"
        },
        "invoke": {
            "hashes": [],
            "version": "==1.7.1"
        },
        "ipdb": {
            "hashes": [],
            "version": "==0.13.9"
        },
        "ipython": {
            "hashes": [],
            "version": "==8.4.0"
        },
        "ipython-genutils": {
            "hashes": [
                "sha256:72dd37233799e619666c9f639a9da83c34013a73e8bbc79a7a6348d93c61fab8",
                "sha256:eb2e116e75ecef9d4d228fdc66af54269afa26ab4463042e33785b887c628ba8"
            ],
            "version": "==0.2.0"
        },
        "itypes": {
            "hashes": [],
            "version": "==1.2.0"
        },
        "jedi": {
            "hashes": [],
            "version": "==0.18.1"
        },
        "jinja2": {
            "hashes": [],
            "version": "==3.1.2"
        },
        "jmespath": {
            "hashes": [],
            "version": "==1.0.1"
        },
        "lxml": {
            "hashes": [],
            "version": "==4.9.1"
        },
        "markupsafe": {
            "hashes": [],
            "version": "==2.1.1"
        },
        "mccabe": {
            "hashes": [],
            "version": "==0.7.0"
        },
        "mock": {
            "hashes": [],
            "version": "==4.0.3"
        },
        "more-itertools": {
            "hashes": [],
            "version": "==8.13.0"
        },
        "packaging": {
            "hashes": [],
            "version": "==21.3"
        },
        "paramiko": {
            "hashes": [],
            "version": "==2.11.0"
        },
        "parsel": {
            "hashes": [],
            "version": "==1.6.0"
        },
        "parso": {
            "hashes": [],
            "version": "==0.8.3"
        },
        "pathspec": {
            "hashes": [],
            "version": "==0.9.0"
        },
        "pexpect": {
            "hashes": [],
            "version": "==4.8.0"
        },
        "pickleshare": {
            "hashes": [
                "sha256:87683d47965c1da65cdacaf31c8441d12b8044cdec9aca500cd78fc2c683afca",
                "sha256:9649af414d74d4df115d5d718f82acb59c9d418196b7b4290ed47a12ce62df56"
            ],
            "version": "==0.7.5"
        },
        "pluggy": {
            "hashes": [],
            "version": "==1.0.0"
        },
        "prompt-toolkit": {
            "hashes": [],
            "version": "==3.0.30"
        },
        "protego": {
            "hashes": [],
            "version": "==0.2.1"
        },
        "ptyprocess": {
            "hashes": [],
            "version": "==0.7.0"
        },
        "py": {
            "hashes": [],
            "version": "==1.11.0"
        },
        "pyasn1": {
            "hashes": [
                "sha256:39c7e2ec30515947ff4e87fb6f456dfc6e84857d34be479c9d4a4ba4bf46aa5d",
                "sha256:aef77c9fb94a3ac588e87841208bdec464471d9871bd5050a287cc9a475cd0ba"
            ],
            "version": "==0.4.8"
        },
        "pyasn1-modules": {
            "hashes": [],
            "version": "==0.2.8"
        },
        "pycodestyle": {
            "hashes": [],
            "version": "==2.8.0"
        },
        "pycparser": {
            "hashes": [],
            "version": "==2.21"
        },
        "pydispatcher": {
            "hashes": [
                "sha256:5570069e1b1769af1fe481de6dd1d3a388492acddd2cdad7a3bde145615d5caf",
                "sha256:5be4a8be12805ef7d712dd9a93284fb8bc53f309867e573f653a72e5fd10e433"
            ],
            "version": "==2.0.5"
        },
        "pyflakes": {
            "hashes": [],
            "version": "==2.4.0"
        },
        "pygments": {
            "hashes": [],
            "version": "==2.12.0"
        },
        "pyhamcrest": {
            "hashes": [],
            "version": "==2.0.3"
        },
        "pynacl": {
            "hashes": [],
            "version": "==1.5.0"
        },
        "pyopenssl": {
            "hashes": [],
            "version": "==22.0.0"
        },
        "pyparsing": {
            "hashes": [],
            "version": "==3.0.9"
        },
        "pytest": {
            "hashes": [],
            "version": "==7.1.2"
        },
        "pytest-django": {
            "hashes": [],
            "version": "==4.5.2"
        },
        "python-dateutil": {
            "hashes": [],
            "version": "==2.8.2"
        },
        "pytz": {
            "hashes": [],
            "version": "==2022.1"
        },
        "pyyaml": {
            "hashes": [],
            "version": "==6.0"
        },
        "queuelib": {
            "hashes": [],
            "version": "==1.6.2"
        },
        "regex": {
            "hashes": [],
            "version": "==2022.7.9"
        },
        "requests": {
            "hashes": [],
            "version": "==2.28.1"
        },
        "rsa": {
            "hashes": [],
            "version": "==4.8"
        },
        "s3transfer": {
            "hashes": [],
            "version": "==0.6.0"
        },
        "scrapy": {
            "hashes": [],
            "version": "==2.6.1"
        },
        "service-identity": {
            "hashes": [],
            "version": "==21.1.0"
        },
        "six": {
            "hashes": [],
            "version": "==1.16.0"
        },
        "snowballstemmer": {
            "hashes": [],
            "version": "==2.2.0"
        },
        "sphinx": {
            "hashes": [],
            "version": "==5.0.2"
        },
        "sphinxcontrib-applehelp": {
            "hashes": [],
            "version": "==1.0.2"
        },
        "sphinxcontrib-devhelp": {
            "hashes": [],
            "version": "==1.0.2"
        },
        "sphinxcontrib-htmlhelp": {
            "hashes": [],
            "version": "==2.0.0"
        },
        "sphinxcontrib-jsmath": {
            "hashes": [
                "sha256:2ec2eaebfb78f3f2078e73666b1415417a116cc848b72e5172e596c871103178",
                "sha256:a9925e4a4587247ed2191a22df5f6970656cb8ca2bd6284309578f2153e0c4b8"
            ],
            "version": "==1.0.1"
        },
        "sphinxcontrib-qthelp": {
            "hashes": [],
            "version": "==1.0.3"
        },
        "sphinxcontrib-serializinghtml": {
            "hashes": [],
            "version": "==1.1.5"
        },
        "sqlparse": {
            "hashes": [],
            "version": "==0.4.2"
        },
        "text-unidecode": {
            "hashes": [
                "sha256:1311f10e8b895935241623731c2ba64f4c455287888b18189350b67134a822e8",
                "sha256:bad6603bb14d279193107714b288be206cac565dfa49aa5b105294dd5c4aab93"
            ],
            "version": "==1.3"
        },
        "toml": {
            "hashes": [],
            "version": "==0.10.2"
        },
        "traitlets": {
            "hashes": [],
            "version": "==5.3.0"
        },
        "twisted": {
            "hashes": [],
            "version": "==22.4.0"
        },
        "typed-ast": {
            "hashes": [],
            "version": "==1.5.4"
        },
        "uritemplate": {
            "hashes": [],
            "version": "==4.1.1"
        },
        "urllib3": {
            "hashes": [],
            "version": "==1.26.10"
        },
        "w3lib": {
            "hashes": [],
            "version": "==1.22.0"
        },
        "wcwidth": {
            "hashes": [],
            "version": "==0.2.5"
        },
        "werkzeug": {
            "hashes": [],
            "version": "==2.1.2"
        },
        "zipp": {
            "hashes": [],
            "version": "==3.8.1"
        },
        "zope.interface": {
            "hashes": [],
            "version": "==5.4.0"
        }
    }
}
